
Microsoft Visual Studio Solution File, Format Version 12.00
# Visual Studio Version 17
VisualStudioVersion = 17.3.32901.215
MinimumVisualStudioVersion = 10.0.40219.1
Project("{FAE04EC0-301F-11D3-BF4B-00C04F79EFBC}") = "etkinlikk", "etkinlikk\etkinlikk.csproj", "{8D9E8FC0-53CA-4EB2-9AF4-A72C6968AA25}"
EndProject
Global
	GlobalSection(SolutionConfigurationPlatforms) = preSolution
		Debug|Any CPU = Debug|Any CPU
		Release|Any CPU = Release|Any CPU
	EndGlobalSection
	GlobalSection(ProjectConfigurationPlatforms) = postSolution
		{8D9E8FC0-53CA-4EB2-9AF4-A72C6968AA25}.Debug|Any CPU.ActiveCfg = Debug|Any CPU
		{8D9E8FC0-53CA-4EB2-9AF4-A72C6968AA25}.Debug|Any CPU.Build.0 = Debug|Any CPU
		{8D9E8FC0-53CA-4EB2-9AF4-A72C6968AA25}.Release|Any CPU.ActiveCfg = Release|Any CPU
		{8D9E8FC0-53CA-4EB2-9AF4-A72C6968AA25}.Release|Any CPU.Build.0 = Release|Any CPU
	EndGlobalSection
	GlobalSection(SolutionProperties) = preSolution
		HideSolutionNode = FALSE
	EndGlobalSection
	GlobalSection(ExtensibilityGlobals) = postSolution
		SolutionGuid = {6ED88B00-A34D-4989-8AE9-8DBEDC3F8DCA}
	EndGlobalSection
EndGlobal
